
Microsoft Visual Studio Solution File, Format Version 12.00
# Visual Studio Version 17
VisualStudioVersion = 17.5.33530.505
MinimumVisualStudioVersion = 10.0.40219.1
Project("{8BC9CEB8-8B4A-11D0-8D11-00A0C91BC942}") = "FirstProject", "FirstProject\FirstProject.vcxproj", "{BCFAE11D-70F6-4ACE-8470-AF2EB3683979}"
EndProject
Project("{8BC9CEB8-8B4A-11D0-8D11-00A0C91BC942}") = "TasksWithVariables", "TasksWithVariables\TasksWithVariables.vcxproj", "{CE917397-5F8B-44FF-9E51-7C58D5D32C4E}"
EndProject
Project("{2150E333-8FDC-42A3-9474-1A3956D46DE8}") = "01. Podstawy programowania", "01. Podstawy programowania", "{626D6A69-B0B5-4EEB-B6F4-547100F5C02C}"
EndProject
Project("{2150E333-8FDC-42A3-9474-1A3956D46DE8}") = "02. Instrukcje warunkowe", "02. Instrukcje warunkowe", "{946F53B5-7C64-4ACB-935B-1500E3E2B056}"
EndProject
Project("{8BC9CEB8-8B4A-11D0-8D11-00A0C91BC942}") = "DecisionInstruction", "DecisionInstruction\DecisionInstruction.vcxproj", "{703CA18E-A562-41EB-8EFD-32AEE9A9F5AE}"
EndProject
Project("{8BC9CEB8-8B4A-11D0-8D11-00A0C91BC942}") = "LoopInstructions", "LoopInstructions\LoopInstructions.vcxproj", "{6CE341F6-EB28-4306-AD40-9E1E02EDAF55}"
EndProject
Project("{2150E333-8FDC-42A3-9474-1A3956D46DE8}") = "03. Zadania", "03. Zadania", "{E38DFE25-7047-40F3-B194-30BD5D90FFBE}"
EndProject
Project("{8BC9CEB8-8B4A-11D0-8D11-00A0C91BC942}") = "LotOfTasks", "LotOfTasks\LotOfTasks.vcxproj", "{DBE6C6B3-89EA-4429-9D28-27B5F91C1AF6}"
EndProject
Project("{2150E333-8FDC-42A3-9474-1A3956D46DE8}") = "04. Funkcje", "04. Funkcje", "{1A37EEDE-662F-4A0A-9FFC-3DC9E4E39F16}"
EndProject
Project("{8BC9CEB8-8B4A-11D0-8D11-00A0C91BC942}") = "FunctionApp", "FunctionApp\FunctionApp.vcxproj", "{B9FD6996-E27C-4E6F-A7BD-79CA60481C90}"
EndProject
Project("{8BC9CEB8-8B4A-11D0-8D11-00A0C91BC942}") = "PeselConsoleApplication", "PeselConsoleApplication\PeselConsoleApplication.vcxproj", "{202C98AF-C586-4D28-A238-AD3A1B71E3BB}"
EndProject
Project("{2150E333-8FDC-42A3-9474-1A3956D46DE8}") = "05. Tablice", "05. Tablice", "{D993C63A-F89D-4BA2-8E66-B14B8B2BA0AF}"
EndProject
Project("{8BC9CEB8-8B4A-11D0-8D11-00A0C91BC942}") = "TableConsoleApp", "TableConsoleApp\TableConsoleApp.vcxproj", "{7B5F138F-8389-46F6-9436-E307856743AD}"
EndProject
Project("{2150E333-8FDC-42A3-9474-1A3956D46DE8}") = "06. Struktury", "06. Struktury", "{D2771981-C98B-48A1-9ABA-855FDFDC52CE}"
EndProject
Project("{8BC9CEB8-8B4A-11D0-8D11-00A0C91BC942}") = "StructConsoleApplication", "StructConsoleApplication\StructConsoleApplication.vcxproj", "{DA7DAFCA-DC5A-408E-A925-E2F369BD15CB}"
EndProject
Project("{2150E333-8FDC-42A3-9474-1A3956D46DE8}") = "07. Wskażniki", "07. Wskażniki", "{F0668280-C3C2-4EC5-8570-1E88D5B7DE99}"
EndProject
Project("{8BC9CEB8-8B4A-11D0-8D11-00A0C91BC942}") = "PointersConsoleApplication", "PointersConsoleApplication\PointersConsoleApplication.vcxproj", "{AC22D7F3-4C86-41EC-AC04-D035F5723C3C}"
EndProject
Project("{2150E333-8FDC-42A3-9474-1A3956D46DE8}") = "08. Gra Kółko i krzyżyk", "08. Gra Kółko i krzyżyk", "{55D30ADD-C09A-408F-9E62-7C1C9BEF1735}"
EndProject
Project("{8BC9CEB8-8B4A-11D0-8D11-00A0C91BC942}") = "TicTacToeConsoleApplication", "TicTacToeConsoleApplication\TicTacToeConsoleApplication.vcxproj", "{6A2B50C2-1D8A-42B6-9D82-7B77B2497B48}"
EndProject
Project("{2150E333-8FDC-42A3-9474-1A3956D46DE8}") = "09. Biblioteka", "09. Biblioteka", "{561DD7E5-930B-49AA-9ADC-5A5E8DD1C569}"
EndProject
Project("{8BC9CEB8-8B4A-11D0-8D11-00A0C91BC942}") = "LibraryConsoleApplication", "LibraryConsoleApplication\LibraryConsoleApplication.vcxproj", "{E6D27C01-555A-4D60-B5B7-148A4DB5B06D}"
EndProject
Project("{2150E333-8FDC-42A3-9474-1A3956D46DE8}") = "Programowanie strukturalne", "Programowanie strukturalne", "{DE8BFF87-0F3C-4008-8A5F-CF9CA4B6E678}"
EndProject
Project("{2150E333-8FDC-42A3-9474-1A3956D46DE8}") = "Programowanie obiektowe", "Programowanie obiektowe", "{363762B0-C6FB-40E5-A203-70C62695AA5B}"
EndProject
Project("{2150E333-8FDC-42A3-9474-1A3956D46DE8}") = "01. Podstawy obiektów", "01. Podstawy obiektów", "{33527070-54FD-4D0E-898C-7E7025DCE327}"
EndProject
Project("{8BC9CEB8-8B4A-11D0-8D11-00A0C91BC942}") = "FirstObjectConsoleApplication", "FirstObjectConsoleApplication\FirstObjectConsoleApplication.vcxproj", "{7308C0B5-7210-41E6-91E1-C0612775956F}"
EndProject
Project("{8BC9CEB8-8B4A-11D0-8D11-00A0C91BC942}") = "FirstObjectTaskConsoleApplication", "FirstObjectTaskConsoleApplication\FirstObjectTaskConsoleApplication.vcxproj", "{E42302C5-B14F-4E4E-BE94-B88FE10E1FF7}"
EndProject
Project("{2150E333-8FDC-42A3-9474-1A3956D46DE8}") = "02. Dziedziczenie", "02. Dziedziczenie", "{278380E7-6172-49B1-B059-014D87035023}"
EndProject
Project("{8BC9CEB8-8B4A-11D0-8D11-00A0C91BC942}") = "InheritanceConsoleApplication", "InheritanceConsoleApplication\InheritanceConsoleApplication.vcxproj", "{05F7D8D1-0281-4A90-9CE2-7BE19D1235C3}"
EndProject
Project("{8BC9CEB8-8B4A-11D0-8D11-00A0C91BC942}") = "GeometryConsoleApplication", "GeometryConsoleApplication\GeometryConsoleApplication.vcxproj", "{2668CE7D-0002-4F77-9EA9-46DF20F0C5B2}"
EndProject
Project("{2150E333-8FDC-42A3-9474-1A3956D46DE8}") = "Aplikacje", "Aplikacje", "{EF028631-ED42-4BCC-9277-1973E40B5EE6}"
EndProject
Project("{9A19103F-16F7-4668-BE54-9A1E7A4F7556}") = "FirstConsoleApp", "FirstConsoleApp\FirstConsoleApp.csproj", "{F6B3C035-2568-44F5-B3C4-41177D9DC816}"
EndProject
Project("{9A19103F-16F7-4668-BE54-9A1E7A4F7556}") = "StructConsoleApp", "StructConsoleApp\StructConsoleApp.csproj", "{998F96E8-F9A9-4A6A-836F-19A66D2B78E7}"
EndProject
Project("{9A19103F-16F7-4668-BE54-9A1E7A4F7556}") = "FirstObjectConsoleApp", "FirstObjectConsoleApp\FirstObjectConsoleApp.csproj", "{9FD457CE-D82D-4012-AC0E-DCDB67EF9368}"
EndProject
Project("{2150E333-8FDC-42A3-9474-1A3956D46DE8}") = "01. Podstawy", "01. Podstawy", "{68EA7DA2-357F-4D99-9A2E-956D28CB350C}"
EndProject
Project("{9A19103F-16F7-4668-BE54-9A1E7A4F7556}") = "ReadAndWiteToFileConsoleApp", "ReadAndWiteToFileConsoleApp\ReadAndWiteToFileConsoleApp.csproj", "{8C41C4E1-B21D-4CCF-A99B-B757170B8075}"
EndProject
Project("{2150E333-8FDC-42A3-9474-1A3956D46DE8}") = "02. Kolekcje", "02. Kolekcje", "{A38F8F33-8E86-4141-9408-77D7C32CDC4B}"
EndProject
Project("{9A19103F-16F7-4668-BE54-9A1E7A4F7556}") = "CollectionConsoleApp", "CollectionConsoleApp\CollectionConsoleApp.csproj", "{1A7F7459-FBAE-4B36-A5AF-CB1B9ADDABF8}"
EndProject
Project("{9A19103F-16F7-4668-BE54-9A1E7A4F7556}") = "LinqConsoleApp", "LinqConsoleApp\LinqConsoleApp.csproj", "{11C4CF81-F46C-4FAC-BC5C-F47399599116}"
EndProject
Project("{9A19103F-16F7-4668-BE54-9A1E7A4F7556}") = "GenericConsoleApp", "GenericConsoleApp\GenericConsoleApp.csproj", "{3AAFD2C0-3219-49FA-BE45-AE16B662A18F}"
EndProject
Project("{FAE04EC0-301F-11D3-BF4B-00C04F79EFBC}") = "LinqTasksConsoleApp", "LinqTasksConsoleApp\LinqTasksConsoleApp.csproj", "{EE9559CB-7981-42F2-A04C-05A9878F7017}"
EndProject
Project("{2150E333-8FDC-42A3-9474-1A3956D46DE8}") = "Matura", "Matura", "{6D8B9C1C-0D8D-4479-A994-EFD73C467C2E}"
EndProject
Project("{FAE04EC0-301F-11D3-BF4B-00C04F79EFBC}") = "Matura2022MajConsoleApp", "Matura2022MajConsoleApp\Matura2022MajConsoleApp.csproj", "{D6A7C4E2-780A-48B8-8578-0F400C1FC3CA}"
EndProject
Global
	GlobalSection(SolutionConfigurationPlatforms) = preSolution
		Debug|Any CPU = Debug|Any CPU
		Debug|x64 = Debug|x64
		Debug|x86 = Debug|x86
		Release|Any CPU = Release|Any CPU
		Release|x64 = Release|x64
		Release|x86 = Release|x86
	EndGlobalSection
	GlobalSection(ProjectConfigurationPlatforms) = postSolution
		{BCFAE11D-70F6-4ACE-8470-AF2EB3683979}.Debug|Any CPU.ActiveCfg = Debug|x64
		{BCFAE11D-70F6-4ACE-8470-AF2EB3683979}.Debug|Any CPU.Build.0 = Debug|x64
		{BCFAE11D-70F6-4ACE-8470-AF2EB3683979}.Debug|x64.ActiveCfg = Debug|x64
		{BCFAE11D-70F6-4ACE-8470-AF2EB3683979}.Debug|x64.Build.0 = Debug|x64
		{BCFAE11D-70F6-4ACE-8470-AF2EB3683979}.Debug|x86.ActiveCfg = Debug|Win32
		{BCFAE11D-70F6-4ACE-8470-AF2EB3683979}.Debug|x86.Build.0 = Debug|Win32
		{BCFAE11D-70F6-4ACE-8470-AF2EB3683979}.Release|Any CPU.ActiveCfg = Release|x64
		{BCFAE11D-70F6-4ACE-8470-AF2EB3683979}.Release|Any CPU.Build.0 = Release|x64
		{BCFAE11D-70F6-4ACE-8470-AF2EB3683979}.Release|x64.ActiveCfg = Release|x64
		{BCFAE11D-70F6-4ACE-8470-AF2EB3683979}.Release|x64.Build.0 = Release|x64
		{BCFAE11D-70F6-4ACE-8470-AF2EB3683979}.Release|x86.ActiveCfg = Release|Win32
		{BCFAE11D-70F6-4ACE-8470-AF2EB3683979}.Release|x86.Build.0 = Release|Win32
		{CE917397-5F8B-44FF-9E51-7C58D5D32C4E}.Debug|Any CPU.ActiveCfg = Debug|x64
		{CE917397-5F8B-44FF-9E51-7C58D5D32C4E}.Debug|Any CPU.Build.0 = Debug|x64
		{CE917397-5F8B-44FF-9E51-7C58D5D32C4E}.Debug|x64.ActiveCfg = Debug|x64
		{CE917397-5F8B-44FF-9E51-7C58D5D32C4E}.Debug|x64.Build.0 = Debug|x64
		{CE917397-5F8B-44FF-9E51-7C58D5D32C4E}.Debug|x86.ActiveCfg = Debug|Win32
		{CE917397-5F8B-44FF-9E51-7C58D5D32C4E}.Debug|x86.Build.0 = Debug|Win32
		{CE917397-5F8B-44FF-9E51-7C58D5D32C4E}.Release|Any CPU.ActiveCfg = Release|x64
		{CE917397-5F8B-44FF-9E51-7C58D5D32C4E}.Release|Any CPU.Build.0 = Release|x64
		{CE917397-5F8B-44FF-9E51-7C58D5D32C4E}.Release|x64.ActiveCfg = Release|x64
		{CE917397-5F8B-44FF-9E51-7C58D5D32C4E}.Release|x64.Build.0 = Release|x64
		{CE917397-5F8B-44FF-9E51-7C58D5D32C4E}.Release|x86.ActiveCfg = Release|Win32
		{CE917397-5F8B-44FF-9E51-7C58D5D32C4E}.Release|x86.Build.0 = Release|Win32
		{703CA18E-A562-41EB-8EFD-32AEE9A9F5AE}.Debug|Any CPU.ActiveCfg = Debug|x64
		{703CA18E-A562-41EB-8EFD-32AEE9A9F5AE}.Debug|Any CPU.Build.0 = Debug|x64
		{703CA18E-A562-41EB-8EFD-32AEE9A9F5AE}.Debug|x64.ActiveCfg = Debug|x64
		{703CA18E-A562-41EB-8EFD-32AEE9A9F5AE}.Debug|x64.Build.0 = Debug|x64
		{703CA18E-A562-41EB-8EFD-32AEE9A9F5AE}.Debug|x86.ActiveCfg = Debug|Win32
		{703CA18E-A562-41EB-8EFD-32AEE9A9F5AE}.Debug|x86.Build.0 = Debug|Win32
		{703CA18E-A562-41EB-8EFD-32AEE9A9F5AE}.Release|Any CPU.ActiveCfg = Release|x64
		{703CA18E-A562-41EB-8EFD-32AEE9A9F5AE}.Release|Any CPU.Build.0 = Release|x64
		{703CA18E-A562-41EB-8EFD-32AEE9A9F5AE}.Release|x64.ActiveCfg = Release|x64
		{703CA18E-A562-41EB-8EFD-32AEE9A9F5AE}.Release|x64.Build.0 = Release|x64
		{703CA18E-A562-41EB-8EFD-32AEE9A9F5AE}.Release|x86.ActiveCfg = Release|Win32
		{703CA18E-A562-41EB-8EFD-32AEE9A9F5AE}.Release|x86.Build.0 = Release|Win32
		{6CE341F6-EB28-4306-AD40-9E1E02EDAF55}.Debug|Any CPU.ActiveCfg = Debug|x64
		{6CE341F6-EB28-4306-AD40-9E1E02EDAF55}.Debug|Any CPU.Build.0 = Debug|x64
		{6CE341F6-EB28-4306-AD40-9E1E02EDAF55}.Debug|x64.ActiveCfg = Debug|x64
		{6CE341F6-EB28-4306-AD40-9E1E02EDAF55}.Debug|x64.Build.0 = Debug|x64
		{6CE341F6-EB28-4306-AD40-9E1E02EDAF55}.Debug|x86.ActiveCfg = Debug|Win32
		{6CE341F6-EB28-4306-AD40-9E1E02EDAF55}.Debug|x86.Build.0 = Debug|Win32
		{6CE341F6-EB28-4306-AD40-9E1E02EDAF55}.Release|Any CPU.ActiveCfg = Release|x64
		{6CE341F6-EB28-4306-AD40-9E1E02EDAF55}.Release|Any CPU.Build.0 = Release|x64
		{6CE341F6-EB28-4306-AD40-9E1E02EDAF55}.Release|x64.ActiveCfg = Release|x64
		{6CE341F6-EB28-4306-AD40-9E1E02EDAF55}.Release|x64.Build.0 = Release|x64
		{6CE341F6-EB28-4306-AD40-9E1E02EDAF55}.Release|x86.ActiveCfg = Release|Win32
		{6CE341F6-EB28-4306-AD40-9E1E02EDAF55}.Release|x86.Build.0 = Release|Win32
		{DBE6C6B3-89EA-4429-9D28-27B5F91C1AF6}.Debug|Any CPU.ActiveCfg = Debug|x64
		{DBE6C6B3-89EA-4429-9D28-27B5F91C1AF6}.Debug|Any CPU.Build.0 = Debug|x64
		{DBE6C6B3-89EA-4429-9D28-27B5F91C1AF6}.Debug|x64.ActiveCfg = Debug|x64
		{DBE6C6B3-89EA-4429-9D28-27B5F91C1AF6}.Debug|x64.Build.0 = Debug|x64
		{DBE6C6B3-89EA-4429-9D28-27B5F91C1AF6}.Debug|x86.ActiveCfg = Debug|Win32
		{DBE6C6B3-89EA-4429-9D28-27B5F91C1AF6}.Debug|x86.Build.0 = Debug|Win32
		{DBE6C6B3-89EA-4429-9D28-27B5F91C1AF6}.Release|Any CPU.ActiveCfg = Release|x64
		{DBE6C6B3-89EA-4429-9D28-27B5F91C1AF6}.Release|Any CPU.Build.0 = Release|x64
		{DBE6C6B3-89EA-4429-9D28-27B5F91C1AF6}.Release|x64.ActiveCfg = Release|x64
		{DBE6C6B3-89EA-4429-9D28-27B5F91C1AF6}.Release|x64.Build.0 = Release|x64
		{DBE6C6B3-89EA-4429-9D28-27B5F91C1AF6}.Release|x86.ActiveCfg = Release|Win32
		{DBE6C6B3-89EA-4429-9D28-27B5F91C1AF6}.Release|x86.Build.0 = Release|Win32
		{B9FD6996-E27C-4E6F-A7BD-79CA60481C90}.Debug|Any CPU.ActiveCfg = Debug|x64
		{B9FD6996-E27C-4E6F-A7BD-79CA60481C90}.Debug|Any CPU.Build.0 = Debug|x64
		{B9FD6996-E27C-4E6F-A7BD-79CA60481C90}.Debug|x64.ActiveCfg = Debug|x64
		{B9FD6996-E27C-4E6F-A7BD-79CA60481C90}.Debug|x64.Build.0 = Debug|x64
		{B9FD6996-E27C-4E6F-A7BD-79CA60481C90}.Debug|x86.ActiveCfg = Debug|Win32
		{B9FD6996-E27C-4E6F-A7BD-79CA60481C90}.Debug|x86.Build.0 = Debug|Win32
		{B9FD6996-E27C-4E6F-A7BD-79CA60481C90}.Release|Any CPU.ActiveCfg = Release|x64
		{B9FD6996-E27C-4E6F-A7BD-79CA60481C90}.Release|Any CPU.Build.0 = Release|x64
		{B9FD6996-E27C-4E6F-A7BD-79CA60481C90}.Release|x64.ActiveCfg = Release|x64
		{B9FD6996-E27C-4E6F-A7BD-79CA60481C90}.Release|x64.Build.0 = Release|x64
		{B9FD6996-E27C-4E6F-A7BD-79CA60481C90}.Release|x86.ActiveCfg = Release|Win32
		{B9FD6996-E27C-4E6F-A7BD-79CA60481C90}.Release|x86.Build.0 = Release|Win32
		{202C98AF-C586-4D28-A238-AD3A1B71E3BB}.Debug|Any CPU.ActiveCfg = Debug|x64
		{202C98AF-C586-4D28-A238-AD3A1B71E3BB}.Debug|Any CPU.Build.0 = Debug|x64
		{202C98AF-C586-4D28-A238-AD3A1B71E3BB}.Debug|x64.ActiveCfg = Debug|x64
		{202C98AF-C586-4D28-A238-AD3A1B71E3BB}.Debug|x64.Build.0 = Debug|x64
		{202C98AF-C586-4D28-A238-AD3A1B71E3BB}.Debug|x86.ActiveCfg = Debug|Win32
		{202C98AF-C586-4D28-A238-AD3A1B71E3BB}.Debug|x86.Build.0 = Debug|Win32
		{202C98AF-C586-4D28-A238-AD3A1B71E3BB}.Release|Any CPU.ActiveCfg = Release|x64
		{202C98AF-C586-4D28-A238-AD3A1B71E3BB}.Release|Any CPU.Build.0 = Release|x64
		{202C98AF-C586-4D28-A238-AD3A1B71E3BB}.Release|x64.ActiveCfg = Release|x64
		{202C98AF-C586-4D28-A238-AD3A1B71E3BB}.Release|x64.Build.0 = Release|x64
		{202C98AF-C586-4D28-A238-AD3A1B71E3BB}.Release|x86.ActiveCfg = Release|Win32
		{202C98AF-C586-4D28-A238-AD3A1B71E3BB}.Release|x86.Build.0 = Release|Win32
		{7B5F138F-8389-46F6-9436-E307856743AD}.Debug|Any CPU.ActiveCfg = Debug|x64
		{7B5F138F-8389-46F6-9436-E307856743AD}.Debug|Any CPU.Build.0 = Debug|x64
		{7B5F138F-8389-46F6-9436-E307856743AD}.Debug|x64.ActiveCfg = Debug|x64
		{7B5F138F-8389-46F6-9436-E307856743AD}.Debug|x64.Build.0 = Debug|x64
		{7B5F138F-8389-46F6-9436-E307856743AD}.Debug|x86.ActiveCfg = Debug|Win32
		{7B5F138F-8389-46F6-9436-E307856743AD}.Debug|x86.Build.0 = Debug|Win32
		{7B5F138F-8389-46F6-9436-E307856743AD}.Release|Any CPU.ActiveCfg = Release|x64
		{7B5F138F-8389-46F6-9436-E307856743AD}.Release|Any CPU.Build.0 = Release|x64
		{7B5F138F-8389-46F6-9436-E307856743AD}.Release|x64.ActiveCfg = Release|x64
		{7B5F138F-8389-46F6-9436-E307856743AD}.Release|x64.Build.0 = Release|x64
		{7B5F138F-8389-46F6-9436-E307856743AD}.Release|x86.ActiveCfg = Release|Win32
		{7B5F138F-8389-46F6-9436-E307856743AD}.Release|x86.Build.0 = Release|Win32
		{DA7DAFCA-DC5A-408E-A925-E2F369BD15CB}.Debug|Any CPU.ActiveCfg = Debug|x64
		{DA7DAFCA-DC5A-408E-A925-E2F369BD15CB}.Debug|Any CPU.Build.0 = Debug|x64
		{DA7DAFCA-DC5A-408E-A925-E2F369BD15CB}.Debug|x64.ActiveCfg = Debug|x64
		{DA7DAFCA-DC5A-408E-A925-E2F369BD15CB}.Debug|x64.Build.0 = Debug|x64
		{DA7DAFCA-DC5A-408E-A925-E2F369BD15CB}.Debug|x86.ActiveCfg = Debug|Win32
		{DA7DAFCA-DC5A-408E-A925-E2F369BD15CB}.Debug|x86.Build.0 = Debug|Win32
		{DA7DAFCA-DC5A-408E-A925-E2F369BD15CB}.Release|Any CPU.ActiveCfg = Release|x64
		{DA7DAFCA-DC5A-408E-A925-E2F369BD15CB}.Release|Any CPU.Build.0 = Release|x64
		{DA7DAFCA-DC5A-408E-A925-E2F369BD15CB}.Release|x64.ActiveCfg = Release|x64
		{DA7DAFCA-DC5A-408E-A925-E2F369BD15CB}.Release|x64.Build.0 = Release|x64
		{DA7DAFCA-DC5A-408E-A925-E2F369BD15CB}.Release|x86.ActiveCfg = Release|Win32
		{DA7DAFCA-DC5A-408E-A925-E2F369BD15CB}.Release|x86.Build.0 = Release|Win32
		{AC22D7F3-4C86-41EC-AC04-D035F5723C3C}.Debug|Any CPU.ActiveCfg = Debug|x64
		{AC22D7F3-4C86-41EC-AC04-D035F5723C3C}.Debug|Any CPU.Build.0 = Debug|x64
		{AC22D7F3-4C86-41EC-AC04-D035F5723C3C}.Debug|x64.ActiveCfg = Debug|x64
		{AC22D7F3-4C86-41EC-AC04-D035F5723C3C}.Debug|x64.Build.0 = Debug|x64
		{AC22D7F3-4C86-41EC-AC04-D035F5723C3C}.Debug|x86.ActiveCfg = Debug|Win32
		{AC22D7F3-4C86-41EC-AC04-D035F5723C3C}.Debug|x86.Build.0 = Debug|Win32
		{AC22D7F3-4C86-41EC-AC04-D035F5723C3C}.Release|Any CPU.ActiveCfg = Release|x64
		{AC22D7F3-4C86-41EC-AC04-D035F5723C3C}.Release|Any CPU.Build.0 = Release|x64
		{AC22D7F3-4C86-41EC-AC04-D035F5723C3C}.Release|x64.ActiveCfg = Release|x64
		{AC22D7F3-4C86-41EC-AC04-D035F5723C3C}.Release|x64.Build.0 = Release|x64
		{AC22D7F3-4C86-41EC-AC04-D035F5723C3C}.Release|x86.ActiveCfg = Release|Win32
		{AC22D7F3-4C86-41EC-AC04-D035F5723C3C}.Release|x86.Build.0 = Release|Win32
		{6A2B50C2-1D8A-42B6-9D82-7B77B2497B48}.Debug|Any CPU.ActiveCfg = Debug|x64
		{6A2B50C2-1D8A-42B6-9D82-7B77B2497B48}.Debug|Any CPU.Build.0 = Debug|x64
		{6A2B50C2-1D8A-42B6-9D82-7B77B2497B48}.Debug|x64.ActiveCfg = Debug|x64
		{6A2B50C2-1D8A-42B6-9D82-7B77B2497B48}.Debug|x64.Build.0 = Debug|x64
		{6A2B50C2-1D8A-42B6-9D82-7B77B2497B48}.Debug|x86.ActiveCfg = Debug|Win32
		{6A2B50C2-1D8A-42B6-9D82-7B77B2497B48}.Debug|x86.Build.0 = Debug|Win32
		{6A2B50C2-1D8A-42B6-9D82-7B77B2497B48}.Release|Any CPU.ActiveCfg = Release|x64
		{6A2B50C2-1D8A-42B6-9D82-7B77B2497B48}.Release|Any CPU.Build.0 = Release|x64
		{6A2B50C2-1D8A-42B6-9D82-7B77B2497B48}.Release|x64.ActiveCfg = Release|x64
		{6A2B50C2-1D8A-42B6-9D82-7B77B2497B48}.Release|x64.Build.0 = Release|x64
		{6A2B50C2-1D8A-42B6-9D82-7B77B2497B48}.Release|x86.ActiveCfg = Release|Win32
		{6A2B50C2-1D8A-42B6-9D82-7B77B2497B48}.Release|x86.Build.0 = Release|Win32
		{E6D27C01-555A-4D60-B5B7-148A4DB5B06D}.Debug|Any CPU.ActiveCfg = Debug|x64
		{E6D27C01-555A-4D60-B5B7-148A4DB5B06D}.Debug|Any CPU.Build.0 = Debug|x64
		{E6D27C01-555A-4D60-B5B7-148A4DB5B06D}.Debug|x64.ActiveCfg = Debug|x64
		{E6D27C01-555A-4D60-B5B7-148A4DB5B06D}.Debug|x64.Build.0 = Debug|x64
		{E6D27C01-555A-4D60-B5B7-148A4DB5B06D}.Debug|x86.ActiveCfg = Debug|Win32
		{E6D27C01-555A-4D60-B5B7-148A4DB5B06D}.Debug|x86.Build.0 = Debug|Win32
		{E6D27C01-555A-4D60-B5B7-148A4DB5B06D}.Release|Any CPU.ActiveCfg = Release|x64
		{E6D27C01-555A-4D60-B5B7-148A4DB5B06D}.Release|Any CPU.Build.0 = Release|x64
		{E6D27C01-555A-4D60-B5B7-148A4DB5B06D}.Release|x64.ActiveCfg = Release|x64
		{E6D27C01-555A-4D60-B5B7-148A4DB5B06D}.Release|x64.Build.0 = Release|x64
		{E6D27C01-555A-4D60-B5B7-148A4DB5B06D}.Release|x86.ActiveCfg = Release|Win32
		{E6D27C01-555A-4D60-B5B7-148A4DB5B06D}.Release|x86.Build.0 = Release|Win32
		{7308C0B5-7210-41E6-91E1-C0612775956F}.Debug|Any CPU.ActiveCfg = Debug|x64
		{7308C0B5-7210-41E6-91E1-C0612775956F}.Debug|Any CPU.Build.0 = Debug|x64
		{7308C0B5-7210-41E6-91E1-C0612775956F}.Debug|x64.ActiveCfg = Debug|x64
		{7308C0B5-7210-41E6-91E1-C0612775956F}.Debug|x64.Build.0 = Debug|x64
		{7308C0B5-7210-41E6-91E1-C0612775956F}.Debug|x86.ActiveCfg = Debug|Win32
		{7308C0B5-7210-41E6-91E1-C0612775956F}.Debug|x86.Build.0 = Debug|Win32
		{7308C0B5-7210-41E6-91E1-C0612775956F}.Release|Any CPU.ActiveCfg = Release|x64
		{7308C0B5-7210-41E6-91E1-C0612775956F}.Release|Any CPU.Build.0 = Release|x64
		{7308C0B5-7210-41E6-91E1-C0612775956F}.Release|x64.ActiveCfg = Release|x64
		{7308C0B5-7210-41E6-91E1-C0612775956F}.Release|x64.Build.0 = Release|x64
		{7308C0B5-7210-41E6-91E1-C0612775956F}.Release|x86.ActiveCfg = Release|Win32
		{7308C0B5-7210-41E6-91E1-C0612775956F}.Release|x86.Build.0 = Release|Win32
		{E42302C5-B14F-4E4E-BE94-B88FE10E1FF7}.Debug|Any CPU.ActiveCfg = Debug|x64
		{E42302C5-B14F-4E4E-BE94-B88FE10E1FF7}.Debug|Any CPU.Build.0 = Debug|x64
		{E42302C5-B14F-4E4E-BE94-B88FE10E1FF7}.Debug|x64.ActiveCfg = Debug|x64
		{E42302C5-B14F-4E4E-BE94-B88FE10E1FF7}.Debug|x64.Build.0 = Debug|x64
		{E42302C5-B14F-4E4E-BE94-B88FE10E1FF7}.Debug|x86.ActiveCfg = Debug|Win32
		{E42302C5-B14F-4E4E-BE94-B88FE10E1FF7}.Debug|x86.Build.0 = Debug|Win32
		{E42302C5-B14F-4E4E-BE94-B88FE10E1FF7}.Release|Any CPU.ActiveCfg = Release|x64
		{E42302C5-B14F-4E4E-BE94-B88FE10E1FF7}.Release|Any CPU.Build.0 = Release|x64
		{E42302C5-B14F-4E4E-BE94-B88FE10E1FF7}.Release|x64.ActiveCfg = Release|x64
		{E42302C5-B14F-4E4E-BE94-B88FE10E1FF7}.Release|x64.Build.0 = Release|x64
		{E42302C5-B14F-4E4E-BE94-B88FE10E1FF7}.Release|x86.ActiveCfg = Release|Win32
		{E42302C5-B14F-4E4E-BE94-B88FE10E1FF7}.Release|x86.Build.0 = Release|Win32
		{05F7D8D1-0281-4A90-9CE2-7BE19D1235C3}.Debug|Any CPU.ActiveCfg = Debug|x64
		{05F7D8D1-0281-4A90-9CE2-7BE19D1235C3}.Debug|Any CPU.Build.0 = Debug|x64
		{05F7D8D1-0281-4A90-9CE2-7BE19D1235C3}.Debug|x64.ActiveCfg = Debug|x64
		{05F7D8D1-0281-4A90-9CE2-7BE19D1235C3}.Debug|x64.Build.0 = Debug|x64
		{05F7D8D1-0281-4A90-9CE2-7BE19D1235C3}.Debug|x86.ActiveCfg = Debug|Win32
		{05F7D8D1-0281-4A90-9CE2-7BE19D1235C3}.Debug|x86.Build.0 = Debug|Win32
		{05F7D8D1-0281-4A90-9CE2-7BE19D1235C3}.Release|Any CPU.ActiveCfg = Release|x64
		{05F7D8D1-0281-4A90-9CE2-7BE19D1235C3}.Release|Any CPU.Build.0 = Release|x64
		{05F7D8D1-0281-4A90-9CE2-7BE19D1235C3}.Release|x64.ActiveCfg = Release|x64
		{05F7D8D1-0281-4A90-9CE2-7BE19D1235C3}.Release|x64.Build.0 = Release|x64
		{05F7D8D1-0281-4A90-9CE2-7BE19D1235C3}.Release|x86.ActiveCfg = Release|Win32
		{05F7D8D1-0281-4A90-9CE2-7BE19D1235C3}.Release|x86.Build.0 = Release|Win32
		{2668CE7D-0002-4F77-9EA9-46DF20F0C5B2}.Debug|Any CPU.ActiveCfg = Debug|x64
		{2668CE7D-0002-4F77-9EA9-46DF20F0C5B2}.Debug|Any CPU.Build.0 = Debug|x64
		{2668CE7D-0002-4F77-9EA9-46DF20F0C5B2}.Debug|x64.ActiveCfg = Debug|x64
		{2668CE7D-0002-4F77-9EA9-46DF20F0C5B2}.Debug|x64.Build.0 = Debug|x64
		{2668CE7D-0002-4F77-9EA9-46DF20F0C5B2}.Debug|x86.ActiveCfg = Debug|Win32
		{2668CE7D-0002-4F77-9EA9-46DF20F0C5B2}.Debug|x86.Build.0 = Debug|Win32
		{2668CE7D-0002-4F77-9EA9-46DF20F0C5B2}.Release|Any CPU.ActiveCfg = Release|x64
		{2668CE7D-0002-4F77-9EA9-46DF20F0C5B2}.Release|Any CPU.Build.0 = Release|x64
		{2668CE7D-0002-4F77-9EA9-46DF20F0C5B2}.Release|x64.ActiveCfg = Release|x64
		{2668CE7D-0002-4F77-9EA9-46DF20F0C5B2}.Release|x64.Build.0 = Release|x64
		{2668CE7D-0002-4F77-9EA9-46DF20F0C5B2}.Release|x86.ActiveCfg = Release|Win32
		{2668CE7D-0002-4F77-9EA9-46DF20F0C5B2}.Release|x86.Build.0 = Release|Win32
		{F6B3C035-2568-44F5-B3C4-41177D9DC816}.Debug|Any CPU.ActiveCfg = Debug|Any CPU
		{F6B3C035-2568-44F5-B3C4-41177D9DC816}.Debug|Any CPU.Build.0 = Debug|Any CPU
		{F6B3C035-2568-44F5-B3C4-41177D9DC816}.Debug|x64.ActiveCfg = Debug|Any CPU
		{F6B3C035-2568-44F5-B3C4-41177D9DC816}.Debug|x64.Build.0 = Debug|Any CPU
		{F6B3C035-2568-44F5-B3C4-41177D9DC816}.Debug|x86.ActiveCfg = Debug|Any CPU
		{F6B3C035-2568-44F5-B3C4-41177D9DC816}.Debug|x86.Build.0 = Debug|Any CPU
		{F6B3C035-2568-44F5-B3C4-41177D9DC816}.Release|Any CPU.ActiveCfg = Release|Any CPU
		{F6B3C035-2568-44F5-B3C4-41177D9DC816}.Release|Any CPU.Build.0 = Release|Any CPU
		{F6B3C035-2568-44F5-B3C4-41177D9DC816}.Release|x64.ActiveCfg = Release|Any CPU
		{F6B3C035-2568-44F5-B3C4-41177D9DC816}.Release|x64.Build.0 = Release|Any CPU
		{F6B3C035-2568-44F5-B3C4-41177D9DC816}.Release|x86.ActiveCfg = Release|Any CPU
		{F6B3C035-2568-44F5-B3C4-41177D9DC816}.Release|x86.Build.0 = Release|Any CPU
		{998F96E8-F9A9-4A6A-836F-19A66D2B78E7}.Debug|Any CPU.ActiveCfg = Debug|Any CPU
		{998F96E8-F9A9-4A6A-836F-19A66D2B78E7}.Debug|Any CPU.Build.0 = Debug|Any CPU
		{998F96E8-F9A9-4A6A-836F-19A66D2B78E7}.Debug|x64.ActiveCfg = Debug|Any CPU
		{998F96E8-F9A9-4A6A-836F-19A66D2B78E7}.Debug|x64.Build.0 = Debug|Any CPU
		{998F96E8-F9A9-4A6A-836F-19A66D2B78E7}.Debug|x86.ActiveCfg = Debug|Any CPU
		{998F96E8-F9A9-4A6A-836F-19A66D2B78E7}.Debug|x86.Build.0 = Debug|Any CPU
		{998F96E8-F9A9-4A6A-836F-19A66D2B78E7}.Release|Any CPU.ActiveCfg = Release|Any CPU
		{998F96E8-F9A9-4A6A-836F-19A66D2B78E7}.Release|Any CPU.Build.0 = Release|Any CPU
		{998F96E8-F9A9-4A6A-836F-19A66D2B78E7}.Release|x64.ActiveCfg = Release|Any CPU
		{998F96E8-F9A9-4A6A-836F-19A66D2B78E7}.Release|x64.Build.0 = Release|Any CPU
		{998F96E8-F9A9-4A6A-836F-19A66D2B78E7}.Release|x86.ActiveCfg = Release|Any CPU
		{998F96E8-F9A9-4A6A-836F-19A66D2B78E7}.Release|x86.Build.0 = Release|Any CPU
		{9FD457CE-D82D-4012-AC0E-DCDB67EF9368}.Debug|Any CPU.ActiveCfg = Debug|Any CPU
		{9FD457CE-D82D-4012-AC0E-DCDB67EF9368}.Debug|Any CPU.Build.0 = Debug|Any CPU
		{9FD457CE-D82D-4012-AC0E-DCDB67EF9368}.Debug|x64.ActiveCfg = Debug|Any CPU
		{9FD457CE-D82D-4012-AC0E-DCDB67EF9368}.Debug|x64.Build.0 = Debug|Any CPU
		{9FD457CE-D82D-4012-AC0E-DCDB67EF9368}.Debug|x86.ActiveCfg = Debug|Any CPU
		{9FD457CE-D82D-4012-AC0E-DCDB67EF9368}.Debug|x86.Build.0 = Debug|Any CPU
		{9FD457CE-D82D-4012-AC0E-DCDB67EF9368}.Release|Any CPU.ActiveCfg = Release|Any CPU
		{9FD457CE-D82D-4012-AC0E-DCDB67EF9368}.Release|Any CPU.Build.0 = Release|Any CPU
		{9FD457CE-D82D-4012-AC0E-DCDB67EF9368}.Release|x64.ActiveCfg = Release|Any CPU
		{9FD457CE-D82D-4012-AC0E-DCDB67EF9368}.Release|x64.Build.0 = Release|Any CPU
		{9FD457CE-D82D-4012-AC0E-DCDB67EF9368}.Release|x86.ActiveCfg = Release|Any CPU
		{9FD457CE-D82D-4012-AC0E-DCDB67EF9368}.Release|x86.Build.0 = Release|Any CPU
		{8C41C4E1-B21D-4CCF-A99B-B757170B8075}.Debug|Any CPU.ActiveCfg = Debug|Any CPU
		{8C41C4E1-B21D-4CCF-A99B-B757170B8075}.Debug|Any CPU.Build.0 = Debug|Any CPU
		{8C41C4E1-B21D-4CCF-A99B-B757170B8075}.Debug|x64.ActiveCfg = Debug|Any CPU
		{8C41C4E1-B21D-4CCF-A99B-B757170B8075}.Debug|x64.Build.0 = Debug|Any CPU
		{8C41C4E1-B21D-4CCF-A99B-B757170B8075}.Debug|x86.ActiveCfg = Debug|Any CPU
		{8C41C4E1-B21D-4CCF-A99B-B757170B8075}.Debug|x86.Build.0 = Debug|Any CPU
		{8C41C4E1-B21D-4CCF-A99B-B757170B8075}.Release|Any CPU.ActiveCfg = Release|Any CPU
		{8C41C4E1-B21D-4CCF-A99B-B757170B8075}.Release|Any CPU.Build.0 = Release|Any CPU
		{8C41C4E1-B21D-4CCF-A99B-B757170B8075}.Release|x64.ActiveCfg = Release|Any CPU
		{8C41C4E1-B21D-4CCF-A99B-B757170B8075}.Release|x64.Build.0 = Release|Any CPU
		{8C41C4E1-B21D-4CCF-A99B-B757170B8075}.Release|x86.ActiveCfg = Release|Any CPU
		{8C41C4E1-B21D-4CCF-A99B-B757170B8075}.Release|x86.Build.0 = Release|Any CPU
		{1A7F7459-FBAE-4B36-A5AF-CB1B9ADDABF8}.Debug|Any CPU.ActiveCfg = Debug|Any CPU
		{1A7F7459-FBAE-4B36-A5AF-CB1B9ADDABF8}.Debug|Any CPU.Build.0 = Debug|Any CPU
		{1A7F7459-FBAE-4B36-A5AF-CB1B9ADDABF8}.Debug|x64.ActiveCfg = Debug|Any CPU
		{1A7F7459-FBAE-4B36-A5AF-CB1B9ADDABF8}.Debug|x64.Build.0 = Debug|Any CPU
		{1A7F7459-FBAE-4B36-A5AF-CB1B9ADDABF8}.Debug|x86.ActiveCfg = Debug|Any CPU
		{1A7F7459-FBAE-4B36-A5AF-CB1B9ADDABF8}.Debug|x86.Build.0 = Debug|Any CPU
		{1A7F7459-FBAE-4B36-A5AF-CB1B9ADDABF8}.Release|Any CPU.ActiveCfg = Release|Any CPU
		{1A7F7459-FBAE-4B36-A5AF-CB1B9ADDABF8}.Release|Any CPU.Build.0 = Release|Any CPU
		{1A7F7459-FBAE-4B36-A5AF-CB1B9ADDABF8}.Release|x64.ActiveCfg = Release|Any CPU
		{1A7F7459-FBAE-4B36-A5AF-CB1B9ADDABF8}.Release|x64.Build.0 = Release|Any CPU
		{1A7F7459-FBAE-4B36-A5AF-CB1B9ADDABF8}.Release|x86.ActiveCfg = Release|Any CPU
		{1A7F7459-FBAE-4B36-A5AF-CB1B9ADDABF8}.Release|x86.Build.0 = Release|Any CPU
		{11C4CF81-F46C-4FAC-BC5C-F47399599116}.Debug|Any CPU.ActiveCfg = Debug|Any CPU
		{11C4CF81-F46C-4FAC-BC5C-F47399599116}.Debug|Any CPU.Build.0 = Debug|Any CPU
		{11C4CF81-F46C-4FAC-BC5C-F47399599116}.Debug|x64.ActiveCfg = Debug|Any CPU
		{11C4CF81-F46C-4FAC-BC5C-F47399599116}.Debug|x64.Build.0 = Debug|Any CPU
		{11C4CF81-F46C-4FAC-BC5C-F47399599116}.Debug|x86.ActiveCfg = Debug|Any CPU
		{11C4CF81-F46C-4FAC-BC5C-F47399599116}.Debug|x86.Build.0 = Debug|Any CPU
		{11C4CF81-F46C-4FAC-BC5C-F47399599116}.Release|Any CPU.ActiveCfg = Release|Any CPU
		{11C4CF81-F46C-4FAC-BC5C-F47399599116}.Release|Any CPU.Build.0 = Release|Any CPU
		{11C4CF81-F46C-4FAC-BC5C-F47399599116}.Release|x64.ActiveCfg = Release|Any CPU
		{11C4CF81-F46C-4FAC-BC5C-F47399599116}.Release|x64.Build.0 = Release|Any CPU
		{11C4CF81-F46C-4FAC-BC5C-F47399599116}.Release|x86.ActiveCfg = Release|Any CPU
		{11C4CF81-F46C-4FAC-BC5C-F47399599116}.Release|x86.Build.0 = Release|Any CPU
		{3AAFD2C0-3219-49FA-BE45-AE16B662A18F}.Debug|Any CPU.ActiveCfg = Debug|Any CPU
		{3AAFD2C0-3219-49FA-BE45-AE16B662A18F}.Debug|Any CPU.Build.0 = Debug|Any CPU
		{3AAFD2C0-3219-49FA-BE45-AE16B662A18F}.Debug|x64.ActiveCfg = Debug|Any CPU
		{3AAFD2C0-3219-49FA-BE45-AE16B662A18F}.Debug|x64.Build.0 = Debug|Any CPU
		{3AAFD2C0-3219-49FA-BE45-AE16B662A18F}.Debug|x86.ActiveCfg = Debug|Any CPU
		{3AAFD2C0-3219-49FA-BE45-AE16B662A18F}.Debug|x86.Build.0 = Debug|Any CPU
		{3AAFD2C0-3219-49FA-BE45-AE16B662A18F}.Release|Any CPU.ActiveCfg = Release|Any CPU
		{3AAFD2C0-3219-49FA-BE45-AE16B662A18F}.Release|Any CPU.Build.0 = Release|Any CPU
		{3AAFD2C0-3219-49FA-BE45-AE16B662A18F}.Release|x64.ActiveCfg = Release|Any CPU
		{3AAFD2C0-3219-49FA-BE45-AE16B662A18F}.Release|x64.Build.0 = Release|Any CPU
		{3AAFD2C0-3219-49FA-BE45-AE16B662A18F}.Release|x86.ActiveCfg = Release|Any CPU
		{3AAFD2C0-3219-49FA-BE45-AE16B662A18F}.Release|x86.Build.0 = Release|Any CPU
		{EE9559CB-7981-42F2-A04C-05A9878F7017}.Debug|Any CPU.ActiveCfg = Debug|Any CPU
		{EE9559CB-7981-42F2-A04C-05A9878F7017}.Debug|Any CPU.Build.0 = Debug|Any CPU
		{EE9559CB-7981-42F2-A04C-05A9878F7017}.Debug|x64.ActiveCfg = Debug|Any CPU
		{EE9559CB-7981-42F2-A04C-05A9878F7017}.Debug|x64.Build.0 = Debug|Any CPU
		{EE9559CB-7981-42F2-A04C-05A9878F7017}.Debug|x86.ActiveCfg = Debug|Any CPU
		{EE9559CB-7981-42F2-A04C-05A9878F7017}.Debug|x86.Build.0 = Debug|Any CPU
		{EE9559CB-7981-42F2-A04C-05A9878F7017}.Release|Any CPU.ActiveCfg = Release|Any CPU
		{EE9559CB-7981-42F2-A04C-05A9878F7017}.Release|Any CPU.Build.0 = Release|Any CPU
		{EE9559CB-7981-42F2-A04C-05A9878F7017}.Release|x64.ActiveCfg = Release|Any CPU
		{EE9559CB-7981-42F2-A04C-05A9878F7017}.Release|x64.Build.0 = Release|Any CPU
		{EE9559CB-7981-42F2-A04C-05A9878F7017}.Release|x86.ActiveCfg = Release|Any CPU
		{EE9559CB-7981-42F2-A04C-05A9878F7017}.Release|x86.Build.0 = Release|Any CPU
		{D6A7C4E2-780A-48B8-8578-0F400C1FC3CA}.Debug|Any CPU.ActiveCfg = Debug|Any CPU
		{D6A7C4E2-780A-48B8-8578-0F400C1FC3CA}.Debug|Any CPU.Build.0 = Debug|Any CPU
		{D6A7C4E2-780A-48B8-8578-0F400C1FC3CA}.Debug|x64.ActiveCfg = Debug|Any CPU
		{D6A7C4E2-780A-48B8-8578-0F400C1FC3CA}.Debug|x64.Build.0 = Debug|Any CPU
		{D6A7C4E2-780A-48B8-8578-0F400C1FC3CA}.Debug|x86.ActiveCfg = Debug|Any CPU
		{D6A7C4E2-780A-48B8-8578-0F400C1FC3CA}.Debug|x86.Build.0 = Debug|Any CPU
		{D6A7C4E2-780A-48B8-8578-0F400C1FC3CA}.Release|Any CPU.ActiveCfg = Release|Any CPU
		{D6A7C4E2-780A-48B8-8578-0F400C1FC3CA}.Release|Any CPU.Build.0 = Release|Any CPU
		{D6A7C4E2-780A-48B8-8578-0F400C1FC3CA}.Release|x64.ActiveCfg = Release|Any CPU
		{D6A7C4E2-780A-48B8-8578-0F400C1FC3CA}.Release|x64.Build.0 = Release|Any CPU
		{D6A7C4E2-780A-48B8-8578-0F400C1FC3CA}.Release|x86.ActiveCfg = Release|Any CPU
		{D6A7C4E2-780A-48B8-8578-0F400C1FC3CA}.Release|x86.Build.0 = Release|Any CPU
	EndGlobalSection
	GlobalSection(SolutionProperties) = preSolution
		HideSolutionNode = FALSE
	EndGlobalSection
	GlobalSection(NestedProjects) = preSolution
		{BCFAE11D-70F6-4ACE-8470-AF2EB3683979} = {626D6A69-B0B5-4EEB-B6F4-547100F5C02C}
		{CE917397-5F8B-44FF-9E51-7C58D5D32C4E} = {626D6A69-B0B5-4EEB-B6F4-547100F5C02C}
		{626D6A69-B0B5-4EEB-B6F4-547100F5C02C} = {DE8BFF87-0F3C-4008-8A5F-CF9CA4B6E678}
		{946F53B5-7C64-4ACB-935B-1500E3E2B056} = {DE8BFF87-0F3C-4008-8A5F-CF9CA4B6E678}
		{703CA18E-A562-41EB-8EFD-32AEE9A9F5AE} = {946F53B5-7C64-4ACB-935B-1500E3E2B056}
		{6CE341F6-EB28-4306-AD40-9E1E02EDAF55} = {946F53B5-7C64-4ACB-935B-1500E3E2B056}
		{E38DFE25-7047-40F3-B194-30BD5D90FFBE} = {DE8BFF87-0F3C-4008-8A5F-CF9CA4B6E678}
		{DBE6C6B3-89EA-4429-9D28-27B5F91C1AF6} = {E38DFE25-7047-40F3-B194-30BD5D90FFBE}
		{1A37EEDE-662F-4A0A-9FFC-3DC9E4E39F16} = {DE8BFF87-0F3C-4008-8A5F-CF9CA4B6E678}
		{B9FD6996-E27C-4E6F-A7BD-79CA60481C90} = {1A37EEDE-662F-4A0A-9FFC-3DC9E4E39F16}
		{202C98AF-C586-4D28-A238-AD3A1B71E3BB} = {E38DFE25-7047-40F3-B194-30BD5D90FFBE}
		{D993C63A-F89D-4BA2-8E66-B14B8B2BA0AF} = {DE8BFF87-0F3C-4008-8A5F-CF9CA4B6E678}
		{7B5F138F-8389-46F6-9436-E307856743AD} = {D993C63A-F89D-4BA2-8E66-B14B8B2BA0AF}
		{D2771981-C98B-48A1-9ABA-855FDFDC52CE} = {DE8BFF87-0F3C-4008-8A5F-CF9CA4B6E678}
		{DA7DAFCA-DC5A-408E-A925-E2F369BD15CB} = {D2771981-C98B-48A1-9ABA-855FDFDC52CE}
		{F0668280-C3C2-4EC5-8570-1E88D5B7DE99} = {DE8BFF87-0F3C-4008-8A5F-CF9CA4B6E678}
		{AC22D7F3-4C86-41EC-AC04-D035F5723C3C} = {F0668280-C3C2-4EC5-8570-1E88D5B7DE99}
		{55D30ADD-C09A-408F-9E62-7C1C9BEF1735} = {DE8BFF87-0F3C-4008-8A5F-CF9CA4B6E678}
		{6A2B50C2-1D8A-42B6-9D82-7B77B2497B48} = {55D30ADD-C09A-408F-9E62-7C1C9BEF1735}
		{561DD7E5-930B-49AA-9ADC-5A5E8DD1C569} = {DE8BFF87-0F3C-4008-8A5F-CF9CA4B6E678}
		{E6D27C01-555A-4D60-B5B7-148A4DB5B06D} = {561DD7E5-930B-49AA-9ADC-5A5E8DD1C569}
		{33527070-54FD-4D0E-898C-7E7025DCE327} = {363762B0-C6FB-40E5-A203-70C62695AA5B}
		{7308C0B5-7210-41E6-91E1-C0612775956F} = {33527070-54FD-4D0E-898C-7E7025DCE327}
		{E42302C5-B14F-4E4E-BE94-B88FE10E1FF7} = {33527070-54FD-4D0E-898C-7E7025DCE327}
		{278380E7-6172-49B1-B059-014D87035023} = {363762B0-C6FB-40E5-A203-70C62695AA5B}
		{05F7D8D1-0281-4A90-9CE2-7BE19D1235C3} = {278380E7-6172-49B1-B059-014D87035023}
		{2668CE7D-0002-4F77-9EA9-46DF20F0C5B2} = {278380E7-6172-49B1-B059-014D87035023}
		{F6B3C035-2568-44F5-B3C4-41177D9DC816} = {68EA7DA2-357F-4D99-9A2E-956D28CB350C}
		{998F96E8-F9A9-4A6A-836F-19A66D2B78E7} = {68EA7DA2-357F-4D99-9A2E-956D28CB350C}
		{9FD457CE-D82D-4012-AC0E-DCDB67EF9368} = {68EA7DA2-357F-4D99-9A2E-956D28CB350C}
		{68EA7DA2-357F-4D99-9A2E-956D28CB350C} = {EF028631-ED42-4BCC-9277-1973E40B5EE6}
		{8C41C4E1-B21D-4CCF-A99B-B757170B8075} = {68EA7DA2-357F-4D99-9A2E-956D28CB350C}
		{A38F8F33-8E86-4141-9408-77D7C32CDC4B} = {EF028631-ED42-4BCC-9277-1973E40B5EE6}
		{1A7F7459-FBAE-4B36-A5AF-CB1B9ADDABF8} = {A38F8F33-8E86-4141-9408-77D7C32CDC4B}
		{11C4CF81-F46C-4FAC-BC5C-F47399599116} = {A38F8F33-8E86-4141-9408-77D7C32CDC4B}
		{3AAFD2C0-3219-49FA-BE45-AE16B662A18F} = {EF028631-ED42-4BCC-9277-1973E40B5EE6}
		{EE9559CB-7981-42F2-A04C-05A9878F7017} = {A38F8F33-8E86-4141-9408-77D7C32CDC4B}
		{D6A7C4E2-780A-48B8-8578-0F400C1FC3CA} = {6D8B9C1C-0D8D-4479-A994-EFD73C467C2E}
	EndGlobalSection
	GlobalSection(ExtensibilityGlobals) = postSolution
		SolutionGuid = {77A83098-39B9-4A8F-A584-1CBAB34C0F7D}
	EndGlobalSection
EndGlobal
